// !$*UTF8*$!
{
	archiveVersion = 1;
	classes = {
	};
	objectVersion = 46;
	objects = {

/* Begin PBXBuildFile section */
		5A8B99E319E9975A00ABD090 /* main.m in Sources */ = {isa = PBXBuildFile; fileRef = 5A8B99E219E9975A00ABD090 /* main.m */; };
		5A8B99E619E9975A00ABD090 /* AppDelegate.m in Sources */ = {isa = PBXBuildFile; fileRef = 5A8B99E519E9975A00ABD090 /* AppDelegate.m */; };
		5A8B99E919E9975A00ABD090 /* ViewController.m in Sources */ = {isa = PBXBuildFile; fileRef = 5A8B99E819E9975A00ABD090 /* ViewController.m */; };
		5A8B99EC19E9975A00ABD090 /* Main.storyboard in Resources */ = {isa = PBXBuildFile; fileRef = 5A8B99EA19E9975A00ABD090 /* Main.storyboard */; };
		5A8B99EE19E9975A00ABD090 /* Images.xcassets in Resources */ = {isa = PBXBuildFile; fileRef = 5A8B99ED19E9975A00ABD090 /* Images.xcassets */; };
		5A8B99F119E9975A00ABD090 /* LaunchScreen.xib in Resources */ = {isa = PBXBuildFile; fileRef = 5A8B99EF19E9975A00ABD090 /* LaunchScreen.xib */; };
		5A8B99FD19E9975A00ABD090 /* THTinderNavigationControllerExampleTests.m in Sources */ = {isa = PBXBuildFile; fileRef = 5A8B99FC19E9975A00ABD090 /* THTinderNavigationControllerExampleTests.m */; };
/* End PBXBuildFile section */

/* Begin PBXContainerItemProxy section */
		5A8B99F719E9975A00ABD090 /* PBXContainerItemProxy */ = {
			isa = PBXContainerItemProxy;
			containerPortal = 5A8B99D519E9975900ABD090 /* Project object */;
			proxyType = 1;
			remoteGlobalIDString = 5A8B99DC19E9975A00ABD090;
			remoteInfo = THTinderNavigationControllerExample;
		};
/* End PBXContainerItemProxy section */

/* Begin PBXFileReference section */
		5A8B99DD19E9975A00ABD090 /* THTinderNavigationControllerExample.app */ = {isa = PBXFileReference; explicitFileType = wrapper.application; includeInIndex = 0; path = THTinderNavigationControllerExample.app; sourceTree = BUILT_PRODUCTS_DIR; };
		5A8B99E119E9975A00ABD090 /* Info.plist */ = {isa = PBXFileReference; lastKnownFileType = text.plist.xml; path = Info.plist; sourceTree = "<group>"; };
		5A8B99E219E9975A00ABD090 /* main.m */ = {isa = PBXFileReference; lastKnownFileType = sourcecode.c.objc; path = main.m; sourceTree = "<group>"; };
		5A8B99E419E9975A00ABD090 /* AppDelegate.h */ = {isa = PBXFileReference; lastKnownFileType = sourcecode.c.h; path = AppDelegate.h; sourceTree = "<group>"; };
		5A8B99E519E9975A00ABD090 /* AppDelegate.m */ = {isa = PBXFileReference; lastKnownFileType = sourcecode.c.objc; path = AppDelegate.m; sourceTree = "<group>"; };
		5A8B99E719E9975A00ABD090 /* ViewController.h */ = {isa = PBXFileReference; lastKnownFileType = sourcecode.c.h; path = ViewController.h; sourceTree = "<group>"; };
		5A8B99E819E9975A00ABD090 /* ViewController.m */ = {isa = PBXFileReference; lastKnownFileType = sourcecode.c.objc; path = ViewController.m; sourceTree = "<group>"; };
		5A8B99EB19E9975A00ABD090 /* Base */ = {isa = PBXFileReference; lastKnownFileType = file.storyboard; name = Base; path = Base.lproj/Main.storyboard; sourceTree = "<group>"; };
		5A8B99ED19E9975A00ABD090 /* Images.xcassets */ = {isa = PBXFileReference; lastKnownFileType = folder.assetcatalog; path = Images.xcassets; sourceTree = "<group>"; };
		5A8B99F019E9975A00ABD090 /* Base */ = {isa = PBXFileReference; lastKnownFileType = file.xib; name = Base; path = Base.lproj/LaunchScreen.xib; sourceTree = "<group>"; };
		5A8B99F619E9975A00ABD090 /* THTinderNavigationControllerExampleTests.xctest */ = {isa = PBXFileReference; explicitFileType = wrapper.cfbundle; includeInIndex = 0; path = THTinderNavigationControllerExampleTests.xctest; sourceTree = BUILT_PRODUCTS_DIR; };
		5A8B99FB19E9975A00ABD090 /* Info.plist */ = {isa = PBXFileReference; lastKnownFileType = text.plist.xml; path = Info.plist; sourceTree = "<group>"; };
		5A8B99FC19E9975A00ABD090 /* THTinderNavigationControllerExampleTests.m */ = {isa = PBXFileReference; lastKnownFileType = sourcecode.c.objc; path = THTinderNavigationControllerExampleTests.m; sourceTree = "<group>"; };
/* End PBXFileReference section */

/* Begin PBXFrameworksBuildPhase section */
		5A8B99DA19E9975A00ABD090 /* Frameworks */ = {
			isa = PBXFrameworksBuildPhase;
			buildActionMask = 2147483647;
			files = (
			);
			runOnlyForDeploymentPostprocessing = 0;
		};
		5A8B99F319E9975A00ABD090 /* Frameworks */ = {
			isa = PBXFrameworksBuildPhase;
			buildActionMask = 2147483647;
			files = (
			);
			runOnlyForDeploymentPostprocessing = 0;
		};
/* End PBXFrameworksBuildPhase section */

/* Begin PBXGroup section */
		5A8B99D419E9975900ABD090 = {
			isa = PBXGroup;
			children = (
				5A8B99DF19E9975A00ABD090 /* THTinderNavigationControllerExample */,
				5A8B99F919E9975A00ABD090 /* THTinderNavigationControllerExampleTests */,
				5A8B99DE19E9975A00ABD090 /* Products */,
			);
			sourceTree = "<group>";
		};
		5A8B99DE19E9975A00ABD090 /* Products */ = {
			isa = PBXGroup;
			children = (
				5A8B99DD19E9975A00ABD090 /* THTinderNavigationControllerExample.app */,
				5A8B99F619E9975A00ABD090 /* THTinderNavigationControllerExampleTests.xctest */,
			);
			name = Products;
			sourceTree = "<group>";
		};
		5A8B99DF19E9975A00ABD090 /* THTinderNavigationControllerExample */ = {
			isa = PBXGroup;
			children = (
				5A8B99E419E9975A00ABD090 /* AppDelegate.h */,
				5A8B99E519E9975A00ABD090 /* AppDelegate.m */,
				5A8B99E719E9975A00ABD090 /* ViewController.h */,
				5A8B99E819E9975A00ABD090 /* ViewController.m */,
				5A8B99EA19E9975A00ABD090 /* Main.storyboard */,
				5A8B99ED19E9975A00ABD090 /* Images.xcassets */,
				5A8B99EF19E9975A00ABD090 /* LaunchScreen.xib */,
				5A8B99E019E9975A00ABD090 /* Supporting Files */,
			);
			path = THTinderNavigationControllerExample;
			sourceTree = "<group>";
		};
		5A8B99E019E9975A00ABD090 /* Supporting Files */ = {
			isa = PBXGroup;
			children = (
				5A8B99E119E9975A00ABD090 /* Info.plist */,
				5A8B99E219E9975A00ABD090 /* main.m */,
			);
			name = "Supporting Files";
			sourceTree = "<group>";
		};
		5A8B99F919E9975A00ABD090 /* THTinderNavigationControllerExampleTests */ = {
			isa = PBXGroup;
			children = (
				5A8B99FC19E9975A00ABD090 /* THTinderNavigationControllerExampleTests.m */,
				5A8B99FA19E9975A00ABD090 /* Supporting Files */,
			);
			path = THTinderNavigationControllerExampleTests;
			sourceTree = "<group>";
		};
		5A8B99FA19E9975A00ABD090 /* Supporting Files */ = {
			isa = PBXGroup;
			children = (
				5A8B99FB19E9975A00ABD090 /* Info.plist */,
			);
			name = "Supporting Files";
			sourceTree = "<group>";
		};
/* End PBXGroup section */

/* Begin PBXNativeTarget section */
		5A8B99DC19E9975A00ABD090 /* THTinderNavigationControllerExample */ = {
			isa = PBXNativeTarget;
			buildConfigurationList = 5A8B9A0019E9975A00ABD090 /* Build configuration list for PBXNativeTarget "THTinderNavigationControllerExample" */;
			buildPhases = (
				5A8B99D919E9975A00ABD090 /* Sources */,
				5A8B99DA19E9975A00ABD090 /* Frameworks */,
				5A8B99DB19E9975A00ABD090 /* Resources */,
			);
			buildRules = (
			);
			dependencies = (
			);
			name = THTinderNavigationControllerExample;
			productName = THTinderNavigationControllerExample;
			productReference = 5A8B99DD19E9975A00ABD090 /* THTinderNavigationControllerExample.app */;
			productType = "com.apple.product-type.application";
		};
		5A8B99F519E9975A00ABD090 /* THTinderNavigationControllerExampleTests */ = {
			isa = PBXNativeTarget;
			buildConfigurationList = 5A8B9A0319E9975A00ABD090 /* Build configuration list for PBXNativeTarget "THTinderNavigationControllerExampleTests" */;
			buildPhases = (
				5A8B99F219E9975A00ABD090 /* Sources */,
				5A8B99F319E9975A00ABD090 /* Frameworks */,
				5A8B99F419E9975A00ABD090 /* Resources */,
			);
			buildRules = (
			);
			dependencies = (
				5A8B99F819E9975A00ABD090 /* PBXTargetDependency */,
			);
			name = THTinderNavigationControllerExampleTests;
			productName = THTinderNavigationControllerExampleTests;
			productReference = 5A8B99F619E9975A00ABD090 /* THTinderNavigationControllerExampleTests.xctest */;
			productType = "com.apple.product-type.bundle.unit-test";
		};
/* End PBXNativeTarget section */

/* Begin PBXProject section */
		5A8B99D519E9975900ABD090 /* Project object */ = {
			isa = PBXProject;
			attributes = {
				LastUpgradeCheck = 0600;
				ORGANIZATIONNAME = "Tanguy Hélesbeux";
				TargetAttributes = {
					5A8B99DC19E9975A00ABD090 = {
						CreatedOnToolsVersion = 6.0.1;
					};
					5A8B99F519E9975A00ABD090 = {
						CreatedOnToolsVersion = 6.0.1;
						TestTargetID = 5A8B99DC19E9975A00ABD090;
					};
				};
			};
			buildConfigurationList = 5A8B99D819E9975900ABD090 /* Build configuration list for PBXProject "THTinderNavigationControllerExample" */;
			compatibilityVersion = "Xcode 3.2";
			developmentRegion = English;
			hasScannedForEncodings = 0;
			knownRegions = (
				en,
				Base,
			);
			mainGroup = 5A8B99D419E9975900ABD090;
			productRefGroup = 5A8B99DE19E9975A00ABD090 /* Products */;
			projectDirPath = "";
			projectRoot = "";
			targets = (
				5A8B99DC19E9975A00ABD090 /* THTinderNavigationControllerExample */,
				5A8B99F519E9975A00ABD090 /* THTinderNavigationControllerExampleTests */,
			);
		};
/* End PBXProject section */

/* Begin PBXResourcesBuildPhase section */
		5A8B99DB19E9975A00ABD090 /* Resources */ = {
			isa = PBXResourcesBuildPhase;
			buildActionMask = 2147483647;
			files = (
				5A8B99EC19E9975A00ABD090 /* Main.storyboard in Resources */,
				5A8B99F119E9975A00ABD090 /* LaunchScreen.xib in Resources */,
				5A8B99EE19E9975A00ABD090 /* Images.xcassets in Resources */,
			);
			runOnlyForDeploymentPostprocessing = 0;
		};
		5A8B99F419E9975A00ABD090 /* Resources */ = {
			isa = PBXResourcesBuildPhase;
			buildActionMask = 2147483647;
			files = (
			);
			runOnlyForDeploymentPostprocessing = 0;
		};
/* End PBXResourcesBuildPhase section */

/* Begin PBXSourcesBuildPhase section */
		5A8B99D919E9975A00ABD090 /* Sources */ = {
			isa = PBXSourcesBuildPhase;
			buildActionMask = 2147483647;
			files = (
				5A8B99E919E9975A00ABD090 /* ViewController.m in Sources */,
				5A8B99E619E9975A00ABD090 /* AppDelegate.m in Sources */,
				5A8B99E319E9975A00ABD090 /* main.m in Sources */,
			);
			runOnlyForDeploymentPostprocessing = 0;
		};
		5A8B99F219E9975A00ABD090 /* Sources */ = {
			isa = PBXSourcesBuildPhase;
			buildActionMask = 2147483647;
			files = (
				5A8B99FD19E9975A00ABD090 /* THTinderNavigationControllerExampleTests.m in Sources */,
			);
			runOnlyForDeploymentPostprocessing = 0;
		};
/* End PBXSourcesBuildPhase section */

/* Begin PBXTargetDependency section */
		5A8B99F819E9975A00ABD090 /* PBXTargetDependency */ = {
			isa = PBXTargetDependency;
			target = 5A8B99DC19E9975A00ABD090 /* THTinderNavigationControllerExample */;
			targetProxy = 5A8B99F719E9975A00ABD090 /* PBXContainerItemProxy */;
		};
/* End PBXTargetDependency section */

/* Begin PBXVariantGroup section */
		5A8B99EA19E9975A00ABD090 /* Main.storyboard */ = {
			isa = PBXVariantGroup;
			children = (
				5A8B99EB19E9975A00ABD090 /* Base */,
			);
			name = Main.storyboard;
			sourceTree = "<group>";
		};
		5A8B99EF19E9975A00ABD090 /* LaunchScreen.xib */ = {
			isa = PBXVariantGroup;
			children = (
				5A8B99F019E9975A00ABD090 /* Base */,
			);
			name = LaunchScreen.xib;
			sourceTree = "<group>";
		};
/* End PBXVariantGroup section */

/* Begin XCBuildConfiguration section */
		5A8B99FE19E9975A00ABD090 /* Debug */ = {
			isa = XCBuildConfiguration;
			buildSettings = {
				ALWAYS_SEARCH_USER_PATHS = NO;
				CLANG_CXX_LANGUAGE_STANDARD = "gnu++0x";
				CLANG_CXX_LIBRARY = "libc++";
				CLANG_ENABLE_MODULES = YES;
				CLANG_ENABLE_OBJC_ARC = YES;
				CLANG_WARN_BOOL_CONVERSION = YES;
				CLANG_WARN_CONSTANT_CONVERSION = YES;
				CLANG_WARN_DIRECT_OBJC_ISA_USAGE = YES_ERROR;
				CLANG_WARN_EMPTY_BODY = YES;
				CLANG_WARN_ENUM_CONVERSION = YES;
				CLANG_WARN_INT_CONVERSION = YES;
				CLANG_WARN_OBJC_ROOT_CLASS = YES_ERROR;
				CLANG_WARN_UNREACHABLE_CODE = YES;
				CLANG_WARN__DUPLICATE_METHOD_MATCH = YES;
				"CODE_SIGN_IDENTITY[sdk=iphoneos*]" = "iPhone Developer";
				COPY_PHASE_STRIP = NO;
				ENABLE_STRICT_OBJC_MSGSEND = YES;
				GCC_C_LANGUAGE_STANDARD = gnu99;
				GCC_DYNAMIC_NO_PIC = NO;
				GCC_OPTIMIZATION_LEVEL = 0;
				GCC_PREPROCESSOR_DEFINITIONS = (
					"DEBUG=1",
					"$(inherited)",
				);
				GCC_SYMBOLS_PRIVATE_EXTERN = NO;
				GCC_WARN_64_TO_32_BIT_CONVERSION = YES;
				GCC_WARN_ABOUT_RETURN_TYPE = YES_ERROR;
				GCC_WARN_UNDECLARED_SELECTOR = YES;
				GCC_WARN_UNINITIALIZED_AUTOS = YES_AGGRESSIVE;
				GCC_WARN_UNUSED_FUNCTION = YES;
				GCC_WARN_UNUSED_VARIABLE = YES;
				IPHONEOS_DEPLOYMENT_TARGET = 8.0;
				MTL_ENABLE_DEBUG_INFO = YES;
				ONLY_ACTIVE_ARCH = YES;
				SDKROOT = iphoneos;
			};
			name = Debug;
		};
		5A8B99FF19E9975A00ABD090 /* Release */ = {
			isa = XCBuildConfiguration;
			buildSettings = {
				ALWAYS_SEARCH_USER_PATHS = NO;
				CLANG_CXX_LANGUAGE_STANDARD = "gnu++0x";
				CLANG_CXX_LIBRARY = "libc++";
				CLANG_ENABLE_MODULES = YES;
				CLANG_ENABLE_OBJC_ARC = YES;
				CLANG_WARN_BOOL_CONVERSION = YES;
				CLANG_WARN_CONSTANT_CONVERSION = YES;
				CLANG_WARN_DIRECT_OBJC_ISA_USAGE = YES_ERROR;
				CLANG_WARN_EMPTY_BODY = YES;
				CLANG_WARN_ENUM_CONVERSION = YES;
				CLANG_WARN_INT_CONVERSION = YES;
				CLANG_WARN_OBJC_ROOT_CLASS = YES_ERROR;
				CLANG_WARN_UNREACHABLE_CODE = YES;
				CLANG_WARN__DUPLICATE_METHOD_MATCH = YES;
				"CODE_SIGN_IDENTITY[sdk=iphoneos*]" = "iPhone Developer";
				COPY_PHASE_STRIP = YES;
				ENABLE_NS_ASSERTIONS = NO;
				ENABLE_STRICT_OBJC_MSGSEND = YES;
				GCC_C_LANGUAGE_STANDARD = gnu99;
				GCC_WARN_64_TO_32_BIT_CONVERSION = YES;
				GCC_WARN_ABOUT_RETURN_TYPE = YES_ERROR;
				GCC_WARN_UNDECLARED_SELECTOR = YES;
				GCC_WARN_UNINITIALIZED_AUTOS = YES_AGGRESSIVE;
				GCC_WARN_UNUSED_FUNCTION = YES;
				GCC_WARN_UNUSED_VARIABLE = YES;
				IPHONEOS_DEPLOYMENT_TARGET = 8.0;
				MTL_ENABLE_DEBUG_INFO = NO;
				SDKROOT = iphoneos;
				VALIDATE_PRODUCT = YES;
			};
			name = Release;
		};
		5A8B9A0119E9975A00ABD090 /* Debug */ = {
			isa = XCBuildConfiguration;
			buildSettings = {
				ASSETCATALOG_COMPILER_APPICON_NAME = AppIcon;
				INFOPLIST_FILE = THTinderNavigationControllerExample/Info.plist;
				LD_RUNPATH_SEARCH_PATHS = "$(inherited) @executable_path/Frameworks";
				PRODUCT_NAME = "$(TARGET_NAME)";
			};
			name = Debug;
		};
		5A8B9A0219E9975A00ABD090 /* Release */ = {
			isa = XCBuildConfiguration;
			buildSettings = {
				ASSETCATALOG_COMPILER_APPICON_NAME = AppIcon;
				INFOPLIST_FILE = THTinderNavigationControllerExample/Info.plist;
				LD_RUNPATH_SEARCH_PATHS = "$(inherited) @executable_path/Frameworks";
				PRODUCT_NAME = "$(TARGET_NAME)";
			};
			name = Release;
		};
		5A8B9A0419E9975A00ABD090 /* Debug */ = {
			isa = XCBuildConfiguration;
			buildSettings = {
				BUNDLE_LOADER = "$(TEST_HOST)";
				FRAMEWORK_SEARCH_PATHS = (
					"$(SDKROOT)/Developer/Library/Frameworks",
					"$(inherited)",
				);
				GCC_PREPROCESSOR_DEFINITIONS = (
					"DEBUG=1",
					"$(inherited)",
				);
				INFOPLIST_FILE = THTinderNavigationControllerExampleTests/Info.plist;
				LD_RUNPATH_SEARCH_PATHS = "$(inherited) @executable_path/Frameworks @loader_path/Frameworks";
				PRODUCT_NAME = "$(TARGET_NAME)";
				TEST_HOST = "$(BUILT_PRODUCTS_DIR)/THTinderNavigationControllerExample.app/THTinderNavigationControllerExample";
			};
			name = Debug;
		};
		5A8B9A0519E9975A00ABD090 /* Release */ = {
			isa = XCBuildConfiguration;
			buildSettings = {
				BUNDLE_LOADER = "$(TEST_HOST)";
				FRAMEWORK_SEARCH_PATHS = (
					"$(SDKROOT)/Developer/Library/Frameworks",
					"$(inherited)",
				);
				INFOPLIST_FILE = THTinderNavigationControllerExampleTests/Info.plist;
				LD_RUNPATH_SEARCH_PATHS = "$(inherited) @executable_path/Frameworks @loader_path/Frameworks";
				PRODUCT_NAME = "$(TARGET_NAME)";
				TEST_HOST = "$(BUILT_PRODUCTS_DIR)/THTinderNavigationControllerExample.app/THTinderNavigationControllerExample";
			};
			name = Release;
		};
/* End XCBuildConfiguration section */

/* Begin XCConfigurationList section */
		5A8B99D819E9975900ABD090 /* Build configuration list for PBXProject "THTinderNavigationControllerExample" */ = {
			isa = XCConfigurationList;
			buildConfigurations = (
				5A8B99FE19E9975A00ABD090 /* Debug */,
				5A8B99FF19E9975A00ABD090 /* Release */,
			);
			defaultConfigurationIsVisible = 0;
			defaultConfigurationName = Release;
		};
		5A8B9A0019E9975A00ABD090 /* Build configuration list for PBXNativeTarget "THTinderNavigationControllerExample" */ = {
			isa = XCConfigurationList;
			buildConfigurations = (
				5A8B9A0119E9975A00ABD090 /* Debug */,
				5A8B9A0219E9975A00ABD090 /* Release */,
			);
			defaultConfigurationIsVisible = 0;
		};
		5A8B9A0319E9975A00ABD090 /* Build configuration list for PBXNativeTarget "THTinderNavigationControllerExampleTests" */ = {
			isa = XCConfigurationList;
			buildConfigurations = (
				5A8B9A0419E9975A00ABD090 /* Debug */,
				5A8B9A0519E9975A00ABD090 /* Release */,
			);
			defaultConfigurationIsVisible = 0;
		};
/* End XCConfigurationList section */
	};
	rootObject = 5A8B99D519E9975900ABD090 /* Project object */;
}
